
Microsoft Visual Studio Solution File, Format Version 12.00
# Visual Studio 15
VisualStudioVersion = 15.0.27703.2042
MinimumVisualStudioVersion = 10.0.40219.1
Project("{FAE04EC0-301F-11D3-BF4B-00C04F79EFBC}") = "RAP.Domain", "RAP.Domain\RAP.Domain.csproj", "{6C1072E2-EDA2-444A-A5FD-4EBEB1905A7E}"
EndProject
Project("{FAE04EC0-301F-11D3-BF4B-00C04F79EFBC}") = "RAP.UI", "RAP.UI\RAP.UI.csproj", "{CB44D9BA-5822-4E3B-8D91-BFA6F2779590}"
EndProject
Project("{FAE04EC0-301F-11D3-BF4B-00C04F79EFBC}") = "RAP.Api", "RAP.Api\RAP.Api.csproj", "{8D5CFBF0-B377-45EB-9CE4-AACA7F8595E3}"
EndProject
Global
	GlobalSection(SolutionConfigurationPlatforms) = preSolution
		Debug|Any CPU = Debug|Any CPU
		Release|Any CPU = Release|Any CPU
	EndGlobalSection
	GlobalSection(ProjectConfigurationPlatforms) = postSolution
		{6C1072E2-EDA2-444A-A5FD-4EBEB1905A7E}.Debug|Any CPU.ActiveCfg = Debug|Any CPU
		{6C1072E2-EDA2-444A-A5FD-4EBEB1905A7E}.Debug|Any CPU.Build.0 = Debug|Any CPU
		{6C1072E2-EDA2-444A-A5FD-4EBEB1905A7E}.Release|Any CPU.ActiveCfg = Release|Any CPU
		{6C1072E2-EDA2-444A-A5FD-4EBEB1905A7E}.Release|Any CPU.Build.0 = Release|Any CPU
		{CB44D9BA-5822-4E3B-8D91-BFA6F2779590}.Debug|Any CPU.ActiveCfg = Debug|Any CPU
		{CB44D9BA-5822-4E3B-8D91-BFA6F2779590}.Debug|Any CPU.Build.0 = Debug|Any CPU
		{CB44D9BA-5822-4E3B-8D91-BFA6F2779590}.Release|Any CPU.ActiveCfg = Release|Any CPU
		{CB44D9BA-5822-4E3B-8D91-BFA6F2779590}.Release|Any CPU.Build.0 = Release|Any CPU
		{8D5CFBF0-B377-45EB-9CE4-AACA7F8595E3}.Debug|Any CPU.ActiveCfg = Debug|Any CPU
		{8D5CFBF0-B377-45EB-9CE4-AACA7F8595E3}.Debug|Any CPU.Build.0 = Debug|Any CPU
		{8D5CFBF0-B377-45EB-9CE4-AACA7F8595E3}.Release|Any CPU.ActiveCfg = Release|Any CPU
		{8D5CFBF0-B377-45EB-9CE4-AACA7F8595E3}.Release|Any CPU.Build.0 = Release|Any CPU
	EndGlobalSection
	GlobalSection(SolutionProperties) = preSolution
		HideSolutionNode = FALSE
	EndGlobalSection
	GlobalSection(ExtensibilityGlobals) = postSolution
		SolutionGuid = {5A572D87-9C85-4A49-AB7E-8CE26DEE04E9}
	EndGlobalSection
EndGlobal
